
Microsoft Visual Studio Solution File, Format Version 12.00
# Visual Studio 15
VisualStudioVersion = 15.0.27703.2000
MinimumVisualStudioVersion = 10.0.40219.1
Project("{FAE04EC0-301F-11D3-BF4B-00C04F79EFBC}") = "PathFInder Damage Test", "PathFInder Damage Test\PathFInder Damage Test.csproj", "{6555C538-48EB-4741-B903-FA21702B5FC7}"
EndProject
Global
	GlobalSection(SolutionConfigurationPlatforms) = preSolution
		Debug|Any CPU = Debug|Any CPU
		Release|Any CPU = Release|Any CPU
	EndGlobalSection
	GlobalSection(ProjectConfigurationPlatforms) = postSolution
		{6555C538-48EB-4741-B903-FA21702B5FC7}.Debug|Any CPU.ActiveCfg = Debug|Any CPU
		{6555C538-48EB-4741-B903-FA21702B5FC7}.Debug|Any CPU.Build.0 = Debug|Any CPU
		{6555C538-48EB-4741-B903-FA21702B5FC7}.Release|Any CPU.ActiveCfg = Release|Any CPU
		{6555C538-48EB-4741-B903-FA21702B5FC7}.Release|Any CPU.Build.0 = Release|Any CPU
	EndGlobalSection
	GlobalSection(SolutionProperties) = preSolution
		HideSolutionNode = FALSE
	EndGlobalSection
	GlobalSection(ExtensibilityGlobals) = postSolution
		SolutionGuid = {4CD2444B-D858-4963-A586-02736D77198F}
	EndGlobalSection
EndGlobal
